
Microsoft Visual Studio Solution File, Format Version 12.00
Project("{FAE04EC0-301F-11D3-BF4B-00C04F79EFBC}") = "ToyStoreApi", "ToyStoreApi\ToyStoreApi.csproj", "{16BCDF70-E11B-449D-8B46-863C06F1E8DC}"
EndProject
Global
	GlobalSection(SolutionConfigurationPlatforms) = preSolution
		Debug|Any CPU = Debug|Any CPU
		Release|Any CPU = Release|Any CPU
	EndGlobalSection
	GlobalSection(ProjectConfigurationPlatforms) = postSolution
		{16BCDF70-E11B-449D-8B46-863C06F1E8DC}.Debug|Any CPU.ActiveCfg = Debug|Any CPU
		{16BCDF70-E11B-449D-8B46-863C06F1E8DC}.Debug|Any CPU.Build.0 = Debug|Any CPU
		{16BCDF70-E11B-449D-8B46-863C06F1E8DC}.Release|Any CPU.ActiveCfg = Release|Any CPU
		{16BCDF70-E11B-449D-8B46-863C06F1E8DC}.Release|Any CPU.Build.0 = Release|Any CPU
	EndGlobalSection
EndGlobal
